
Microsoft Visual Studio Solution File, Format Version 12.00
# Visual Studio Version 17
VisualStudioVersion = 17.2.32602.215
MinimumVisualStudioVersion = 10.0.40219.1
Project("{FAE04EC0-301F-11D3-BF4B-00C04F79EFBC}") = "RoutingPract", "RoutingPract\RoutingPract.csproj", "{E135244A-AD0C-4A7D-8C06-16EB5D6A4B8E}"
EndProject
Global
	GlobalSection(SolutionConfigurationPlatforms) = preSolution
		Debug|Any CPU = Debug|Any CPU
		Release|Any CPU = Release|Any CPU
	EndGlobalSection
	GlobalSection(ProjectConfigurationPlatforms) = postSolution
		{E135244A-AD0C-4A7D-8C06-16EB5D6A4B8E}.Debug|Any CPU.ActiveCfg = Debug|Any CPU
		{E135244A-AD0C-4A7D-8C06-16EB5D6A4B8E}.Debug|Any CPU.Build.0 = Debug|Any CPU
		{E135244A-AD0C-4A7D-8C06-16EB5D6A4B8E}.Release|Any CPU.ActiveCfg = Release|Any CPU
		{E135244A-AD0C-4A7D-8C06-16EB5D6A4B8E}.Release|Any CPU.Build.0 = Release|Any CPU
	EndGlobalSection
	GlobalSection(SolutionProperties) = preSolution
		HideSolutionNode = FALSE
	EndGlobalSection
	GlobalSection(ExtensibilityGlobals) = postSolution
		SolutionGuid = {1E744AC7-E5C0-488C-BA08-D7E23FA33039}
	EndGlobalSection
EndGlobal
